
Microsoft Visual Studio Solution File, Format Version 12.00
# Visual Studio Version 17
VisualStudioVersion = 17.3.32922.545
MinimumVisualStudioVersion = 10.0.40219.1
Project("{FAE04EC0-301F-11D3-BF4B-00C04F79EFBC}") = "Banka", "Banka\Banka.csproj", "{A4590802-7EF5-4112-82BF-3EE97A82ABAA}"
EndProject
Global
	GlobalSection(SolutionConfigurationPlatforms) = preSolution
		Debug|Any CPU = Debug|Any CPU
		Release|Any CPU = Release|Any CPU
	EndGlobalSection
	GlobalSection(ProjectConfigurationPlatforms) = postSolution
		{A4590802-7EF5-4112-82BF-3EE97A82ABAA}.Debug|Any CPU.ActiveCfg = Debug|Any CPU
		{A4590802-7EF5-4112-82BF-3EE97A82ABAA}.Debug|Any CPU.Build.0 = Debug|Any CPU
		{A4590802-7EF5-4112-82BF-3EE97A82ABAA}.Release|Any CPU.ActiveCfg = Release|Any CPU
		{A4590802-7EF5-4112-82BF-3EE97A82ABAA}.Release|Any CPU.Build.0 = Release|Any CPU
	EndGlobalSection
	GlobalSection(SolutionProperties) = preSolution
		HideSolutionNode = FALSE
	EndGlobalSection
	GlobalSection(ExtensibilityGlobals) = postSolution
		SolutionGuid = {D3B32E00-1B85-4630-9BFC-B35E7865278A}
	EndGlobalSection
EndGlobal
